// !$*UTF8*$!
{
	archiveVersion = 1;
	classes = {
	};
	objectVersion = 48;
	objects = {

/* Begin PBXBuildFile section */
		4582D9091FFF2D4D00B85FC5 /* TIDCardCaptureViewController.m in Sources */ = {isa = PBXBuildFile; fileRef = 4582D9081FFF2D4D00B85FC5 /* TIDCardCaptureViewController.m */; };
		459581DB1FF60E630084C4A3 /* AppDelegate.m in Sources */ = {isa = PBXBuildFile; fileRef = 459581DA1FF60E630084C4A3 /* AppDelegate.m */; };
		459581DE1FF60E630084C4A3 /* ViewController.m in Sources */ = {isa = PBXBuildFile; fileRef = 459581DD1FF60E630084C4A3 /* ViewController.m */; };
		459581E11FF60E630084C4A3 /* Main.storyboard in Resources */ = {isa = PBXBuildFile; fileRef = 459581DF1FF60E630084C4A3 /* Main.storyboard */; };
		459581E31FF60E630084C4A3 /* Assets.xcassets in Resources */ = {isa = PBXBuildFile; fileRef = 459581E21FF60E630084C4A3 /* Assets.xcassets */; };
		459581E61FF60E630084C4A3 /* LaunchScreen.storyboard in Resources */ = {isa = PBXBuildFile; fileRef = 459581E41FF60E630084C4A3 /* LaunchScreen.storyboard */; };
		459581E91FF60E630084C4A3 /* main.m in Sources */ = {isa = PBXBuildFile; fileRef = 459581E81FF60E630084C4A3 /* main.m */; };
		459581F31FF60E630084C4A3 /* FBYIDCardRecognition_iOSTests.m in Sources */ = {isa = PBXBuildFile; fileRef = 459581F21FF60E630084C4A3 /* FBYIDCardRecognition_iOSTests.m */; };
		459581FE1FF60E630084C4A3 /* FBYIDCardRecognition_iOSUITests.m in Sources */ = {isa = PBXBuildFile; fileRef = 459581FD1FF60E630084C4A3 /* FBYIDCardRecognition_iOSUITests.m */; };
		459582151FF6106B0084C4A3 /* IDCardCaptureViewController.m in Sources */ = {isa = PBXBuildFile; fileRef = 459582141FF6106B0084C4A3 /* IDCardCaptureViewController.m */; };
		459582181FF610F10084C4A3 /* FBYIDCardView.m in Sources */ = {isa = PBXBuildFile; fileRef = 459582171FF610F10084C4A3 /* FBYIDCardView.m */; };
		4595821B1FF611E10084C4A3 /* IDInfo.m in Sources */ = {isa = PBXBuildFile; fileRef = 459582191FF611E10084C4A3 /* IDInfo.m */; };
		459582221FF611FD0084C4A3 /* zocr0.lib in Resources */ = {isa = PBXBuildFile; fileRef = 4595821F1FF611FD0084C4A3 /* zocr0.lib */; };
		459582231FF611FD0084C4A3 /* libexidcardios.a in Frameworks */ = {isa = PBXBuildFile; fileRef = 459582211FF611FD0084C4A3 /* libexidcardios.a */; };
		459582261FF612790084C4A3 /* IDCardDetailViewController.m in Sources */ = {isa = PBXBuildFile; fileRef = 459582251FF612790084C4A3 /* IDCardDetailViewController.m */; };
		459582291FF612E10084C4A3 /* UIImage+Extend.m in Sources */ = {isa = PBXBuildFile; fileRef = 459582281FF612E10084C4A3 /* UIImage+Extend.m */; };
		4595822C1FF612F20084C4A3 /* RectManager.m in Sources */ = {isa = PBXBuildFile; fileRef = 4595822B1FF612F20084C4A3 /* RectManager.m */; };
		4595822F1FF6135D0084C4A3 /* UIAlertController+Extend.m in Sources */ = {isa = PBXBuildFile; fileRef = 4595822E1FF6135D0084C4A3 /* UIAlertController+Extend.m */; };
		459582341FF628250084C4A3 /* icon.png in Resources */ = {isa = PBXBuildFile; fileRef = 459582331FF628250084C4A3 /* icon.png */; };
/* End PBXBuildFile section */

/* Begin PBXContainerItemProxy section */
		459581EF1FF60E630084C4A3 /* PBXContainerItemProxy */ = {
			isa = PBXContainerItemProxy;
			containerPortal = 459581CE1FF60E630084C4A3 /* Project object */;
			proxyType = 1;
			remoteGlobalIDString = 459581D51FF60E630084C4A3;
			remoteInfo = "FBYIDCardRecognition-iOS";
		};
		459581FA1FF60E630084C4A3 /* PBXContainerItemProxy */ = {
			isa = PBXContainerItemProxy;
			containerPortal = 459581CE1FF60E630084C4A3 /* Project object */;
			proxyType = 1;
			remoteGlobalIDString = 459581D51FF60E630084C4A3;
			remoteInfo = "FBYIDCardRecognition-iOS";
		};
/* End PBXContainerItemProxy section */

/* Begin PBXFileReference section */
		4582D9071FFF2D4D00B85FC5 /* TIDCardCaptureViewController.h */ = {isa = PBXFileReference; lastKnownFileType = sourcecode.c.h; path = TIDCardCaptureViewController.h; sourceTree = "<group>"; };
		4582D9081FFF2D4D00B85FC5 /* TIDCardCaptureViewController.m */ = {isa = PBXFileReference; lastKnownFileType = sourcecode.c.objc; path = TIDCardCaptureViewController.m; sourceTree = "<group>"; };
		459581D61FF60E630084C4A3 /* FBYIDCardRecognition-iOS.app */ = {isa = PBXFileReference; explicitFileType = wrapper.application; includeInIndex = 0; path = "FBYIDCardRecognition-iOS.app"; sourceTree = BUILT_PRODUCTS_DIR; };
		459581D91FF60E630084C4A3 /* AppDelegate.h */ = {isa = PBXFileReference; lastKnownFileType = sourcecode.c.h; path = AppDelegate.h; sourceTree = "<group>"; };
		459581DA1FF60E630084C4A3 /* AppDelegate.m */ = {isa = PBXFileReference; lastKnownFileType = sourcecode.c.objc; path = AppDelegate.m; sourceTree = "<group>"; };
		459581DC1FF60E630084C4A3 /* ViewController.h */ = {isa = PBXFileReference; lastKnownFileType = sourcecode.c.h; path = ViewController.h; sourceTree = "<group>"; };
		459581DD1FF60E630084C4A3 /* ViewController.m */ = {isa = PBXFileReference; lastKnownFileType = sourcecode.c.objc; path = ViewController.m; sourceTree = "<group>"; };
		459581E01FF60E630084C4A3 /* Base */ = {isa = PBXFileReference; lastKnownFileType = file.storyboard; name = Base; path = Base.lproj/Main.storyboard; sourceTree = "<group>"; };
		459581E21FF60E630084C4A3 /* Assets.xcassets */ = {isa = PBXFileReference; lastKnownFileType = folder.assetcatalog; path = Assets.xcassets; sourceTree = "<group>"; };
		459581E51FF60E630084C4A3 /* Base */ = {isa = PBXFileReference; lastKnownFileType = file.storyboard; name = Base; path = Base.lproj/LaunchScreen.storyboard; sourceTree = "<group>"; };
		459581E71FF60E630084C4A3 /* Info.plist */ = {isa = PBXFileReference; lastKnownFileType = text.plist.xml; path = Info.plist; sourceTree = "<group>"; };
		459581E81FF60E630084C4A3 /* main.m */ = {isa = PBXFileReference; lastKnownFileType = sourcecode.c.objc; path = main.m; sourceTree = "<group>"; };
		459581EE1FF60E630084C4A3 /* FBYIDCardRecognition-iOSTests.xctest */ = {isa = PBXFileReference; explicitFileType = wrapper.cfbundle; includeInIndex = 0; path = "FBYIDCardRecognition-iOSTests.xctest"; sourceTree = BUILT_PRODUCTS_DIR; };
		459581F21FF60E630084C4A3 /* FBYIDCardRecognition_iOSTests.m */ = {isa = PBXFileReference; lastKnownFileType = sourcecode.c.objc; path = FBYIDCardRecognition_iOSTests.m; sourceTree = "<group>"; };
		459581F41FF60E630084C4A3 /* Info.plist */ = {isa = PBXFileReference; lastKnownFileType = text.plist.xml; path = Info.plist; sourceTree = "<group>"; };
		459581F91FF60E630084C4A3 /* FBYIDCardRecognition-iOSUITests.xctest */ = {isa = PBXFileReference; explicitFileType = wrapper.cfbundle; includeInIndex = 0; path = "FBYIDCardRecognition-iOSUITests.xctest"; sourceTree = BUILT_PRODUCTS_DIR; };
		459581FD1FF60E630084C4A3 /* FBYIDCardRecognition_iOSUITests.m */ = {isa = PBXFileReference; lastKnownFileType = sourcecode.c.objc; path = FBYIDCardRecognition_iOSUITests.m; sourceTree = "<group>"; };
		459581FF1FF60E630084C4A3 /* Info.plist */ = {isa = PBXFileReference; lastKnownFileType = text.plist.xml; path = Info.plist; sourceTree = "<group>"; };
		459582131FF6106B0084C4A3 /* IDCardCaptureViewController.h */ = {isa = PBXFileReference; lastKnownFileType = sourcecode.c.h; path = IDCardCaptureViewController.h; sourceTree = "<group>"; };
		459582141FF6106B0084C4A3 /* IDCardCaptureViewController.m */ = {isa = PBXFileReference; lastKnownFileType = sourcecode.c.objc; path = IDCardCaptureViewController.m; sourceTree = "<group>"; };
		459582161FF610F10084C4A3 /* FBYIDCardView.h */ = {isa = PBXFileReference; lastKnownFileType = sourcecode.c.h; path = FBYIDCardView.h; sourceTree = "<group>"; };
		459582171FF610F10084C4A3 /* FBYIDCardView.m */ = {isa = PBXFileReference; lastKnownFileType = sourcecode.c.objc; path = FBYIDCardView.m; sourceTree = "<group>"; };
		459582191FF611E10084C4A3 /* IDInfo.m */ = {isa = PBXFileReference; fileEncoding = 4; lastKnownFileType = sourcecode.c.objc; path = IDInfo.m; sourceTree = "<group>"; };
		4595821A1FF611E10084C4A3 /* IDInfo.h */ = {isa = PBXFileReference; fileEncoding = 4; lastKnownFileType = sourcecode.c.h; path = IDInfo.h; sourceTree = "<group>"; };
		4595821D1FF611FD0084C4A3 /* commondef.h */ = {isa = PBXFileReference; fileEncoding = 4; lastKnownFileType = sourcecode.c.h; path = commondef.h; sourceTree = "<group>"; };
		4595821F1FF611FD0084C4A3 /* zocr0.lib */ = {isa = PBXFileReference; lastKnownFileType = file; path = zocr0.lib; sourceTree = "<group>"; };
		459582201FF611FD0084C4A3 /* excards.h */ = {isa = PBXFileReference; fileEncoding = 4; lastKnownFileType = sourcecode.c.h; path = excards.h; sourceTree = "<group>"; };
		459582211FF611FD0084C4A3 /* libexidcardios.a */ = {isa = PBXFileReference; lastKnownFileType = archive.ar; path = libexidcardios.a; sourceTree = "<group>"; };
		459582241FF612790084C4A3 /* IDCardDetailViewController.h */ = {isa = PBXFileReference; lastKnownFileType = sourcecode.c.h; path = IDCardDetailViewController.h; sourceTree = "<group>"; };
		459582251FF612790084C4A3 /* IDCardDetailViewController.m */ = {isa = PBXFileReference; lastKnownFileType = sourcecode.c.objc; path = IDCardDetailViewController.m; sourceTree = "<group>"; };
		459582271FF612E10084C4A3 /* UIImage+Extend.h */ = {isa = PBXFileReference; fileEncoding = 4; lastKnownFileType = sourcecode.c.h; path = "UIImage+Extend.h"; sourceTree = "<group>"; };
		459582281FF612E10084C4A3 /* UIImage+Extend.m */ = {isa = PBXFileReference; fileEncoding = 4; lastKnownFileType = sourcecode.c.objc; path = "UIImage+Extend.m"; sourceTree = "<group>"; };
		4595822A1FF612F20084C4A3 /* RectManager.h */ = {isa = PBXFileReference; fileEncoding = 4; lastKnownFileType = sourcecode.c.h; path = RectManager.h; sourceTree = "<group>"; };
		4595822B1FF612F20084C4A3 /* RectManager.m */ = {isa = PBXFileReference; fileEncoding = 4; lastKnownFileType = sourcecode.c.objc; path = RectManager.m; sourceTree = "<group>"; };
		4595822D1FF6135D0084C4A3 /* UIAlertController+Extend.h */ = {isa = PBXFileReference; fileEncoding = 4; lastKnownFileType = sourcecode.c.h; path = "UIAlertController+Extend.h"; sourceTree = "<group>"; };
		4595822E1FF6135D0084C4A3 /* UIAlertController+Extend.m */ = {isa = PBXFileReference; fileEncoding = 4; lastKnownFileType = sourcecode.c.objc; path = "UIAlertController+Extend.m"; sourceTree = "<group>"; };
		459582331FF628250084C4A3 /* icon.png */ = {isa = PBXFileReference; lastKnownFileType = image.png; path = icon.png; sourceTree = "<group>"; };
/* End PBXFileReference section */

/* Begin PBXFrameworksBuildPhase section */
		459581D31FF60E630084C4A3 /* Frameworks */ = {
			isa = PBXFrameworksBuildPhase;
			buildActionMask = 2147483647;
			files = (
				459582231FF611FD0084C4A3 /* libexidcardios.a in Frameworks */,
			);
			runOnlyForDeploymentPostprocessing = 0;
		};
		459581EB1FF60E630084C4A3 /* Frameworks */ = {
			isa = PBXFrameworksBuildPhase;
			buildActionMask = 2147483647;
			files = (
			);
			runOnlyForDeploymentPostprocessing = 0;
		};
		459581F61FF60E630084C4A3 /* Frameworks */ = {
			isa = PBXFrameworksBuildPhase;
			buildActionMask = 2147483647;
			files = (
			);
			runOnlyForDeploymentPostprocessing = 0;
		};
/* End PBXFrameworksBuildPhase section */

/* Begin PBXGroup section */
		459581CD1FF60E630084C4A3 = {
			isa = PBXGroup;
			children = (
				459581D81FF60E630084C4A3 /* FBYIDCardRecognition-iOS */,
				459581F11FF60E630084C4A3 /* FBYIDCardRecognition-iOSTests */,
				459581FC1FF60E630084C4A3 /* FBYIDCardRecognition-iOSUITests */,
				459581D71FF60E630084C4A3 /* Products */,
			);
			sourceTree = "<group>";
		};
		459581D71FF60E630084C4A3 /* Products */ = {
			isa = PBXGroup;
			children = (
				459581D61FF60E630084C4A3 /* FBYIDCardRecognition-iOS.app */,
				459581EE1FF60E630084C4A3 /* FBYIDCardRecognition-iOSTests.xctest */,
				459581F91FF60E630084C4A3 /* FBYIDCardRecognition-iOSUITests.xctest */,
			);
			name = Products;
			sourceTree = "<group>";
		};
		459581D81FF60E630084C4A3 /* FBYIDCardRecognition-iOS */ = {
			isa = PBXGroup;
			children = (
				459582301FF625780084C4A3 /* iconImg */,
				4595821C1FF611FD0084C4A3 /* libexidcard */,
				4595820F1FF60FCE0084C4A3 /* FBYTool */,
				4595820E1FF60FC20084C4A3 /* FBYCategory */,
				4595820D1FF60FAC0084C4A3 /* FBYModel */,
				4595820C1FF60F9E0084C4A3 /* FBYView */,
				4595820B1FF60F8E0084C4A3 /* FBYBase */,
				459581D91FF60E630084C4A3 /* AppDelegate.h */,
				459581DA1FF60E630084C4A3 /* AppDelegate.m */,
				459581DC1FF60E630084C4A3 /* ViewController.h */,
				459581DD1FF60E630084C4A3 /* ViewController.m */,
				459581DF1FF60E630084C4A3 /* Main.storyboard */,
				459581E21FF60E630084C4A3 /* Assets.xcassets */,
				459581E41FF60E630084C4A3 /* LaunchScreen.storyboard */,
				459581E71FF60E630084C4A3 /* Info.plist */,
				459581E81FF60E630084C4A3 /* main.m */,
			);
			path = "FBYIDCardRecognition-iOS";
			sourceTree = "<group>";
		};
		459581F11FF60E630084C4A3 /* FBYIDCardRecognition-iOSTests */ = {
			isa = PBXGroup;
			children = (
				459581F21FF60E630084C4A3 /* FBYIDCardRecognition_iOSTests.m */,
				459581F41FF60E630084C4A3 /* Info.plist */,
			);
			path = "FBYIDCardRecognition-iOSTests";
			sourceTree = "<group>";
		};
		459581FC1FF60E630084C4A3 /* FBYIDCardRecognition-iOSUITests */ = {
			isa = PBXGroup;
			children = (
				459581FD1FF60E630084C4A3 /* FBYIDCardRecognition_iOSUITests.m */,
				459581FF1FF60E630084C4A3 /* Info.plist */,
			);
			path = "FBYIDCardRecognition-iOSUITests";
			sourceTree = "<group>";
		};
		4595820B1FF60F8E0084C4A3 /* FBYBase */ = {
			isa = PBXGroup;
			children = (
				459582131FF6106B0084C4A3 /* IDCardCaptureViewController.h */,
				459582141FF6106B0084C4A3 /* IDCardCaptureViewController.m */,
				459582241FF612790084C4A3 /* IDCardDetailViewController.h */,
				459582251FF612790084C4A3 /* IDCardDetailViewController.m */,
				4582D9071FFF2D4D00B85FC5 /* TIDCardCaptureViewController.h */,
				4582D9081FFF2D4D00B85FC5 /* TIDCardCaptureViewController.m */,
			);
			path = FBYBase;
			sourceTree = "<group>";
		};
		4595820C1FF60F9E0084C4A3 /* FBYView */ = {
			isa = PBXGroup;
			children = (
				459582161FF610F10084C4A3 /* FBYIDCardView.h */,
				459582171FF610F10084C4A3 /* FBYIDCardView.m */,
			);
			path = FBYView;
			sourceTree = "<group>";
		};
		4595820D1FF60FAC0084C4A3 /* FBYModel */ = {
			isa = PBXGroup;
			children = (
				4595821A1FF611E10084C4A3 /* IDInfo.h */,
				459582191FF611E10084C4A3 /* IDInfo.m */,
			);
			path = FBYModel;
			sourceTree = "<group>";
		};
		4595820E1FF60FC20084C4A3 /* FBYCategory */ = {
			isa = PBXGroup;
			children = (
				4595822D1FF6135D0084C4A3 /* UIAlertController+Extend.h */,
				4595822E1FF6135D0084C4A3 /* UIAlertController+Extend.m */,
				459582271FF612E10084C4A3 /* UIImage+Extend.h */,
				459582281FF612E10084C4A3 /* UIImage+Extend.m */,
			);
			path = FBYCategory;
			sourceTree = "<group>";
		};
		4595820F1FF60FCE0084C4A3 /* FBYTool */ = {
			isa = PBXGroup;
			children = (
				4595822A1FF612F20084C4A3 /* RectManager.h */,
				4595822B1FF612F20084C4A3 /* RectManager.m */,
			);
			path = FBYTool;
			sourceTree = "<group>";
		};
		4595821C1FF611FD0084C4A3 /* libexidcard */ = {
			isa = PBXGroup;
			children = (
				4595821D1FF611FD0084C4A3 /* commondef.h */,
				4595821E1FF611FD0084C4A3 /* dicts */,
				459582201FF611FD0084C4A3 /* excards.h */,
				459582211FF611FD0084C4A3 /* libexidcardios.a */,
			);
			path = libexidcard;
			sourceTree = "<group>";
		};
		4595821E1FF611FD0084C4A3 /* dicts */ = {
			isa = PBXGroup;
			children = (
				4595821F1FF611FD0084C4A3 /* zocr0.lib */,
			);
			path = dicts;
			sourceTree = "<group>";
		};
		459582301FF625780084C4A3 /* iconImg */ = {
			isa = PBXGroup;
			children = (
				459582331FF628250084C4A3 /* icon.png */,
			);
			path = iconImg;
			sourceTree = "<group>";
		};
/* End PBXGroup section */

/* Begin PBXNativeTarget section */
		459581D51FF60E630084C4A3 /* FBYIDCardRecognition-iOS */ = {
			isa = PBXNativeTarget;
			buildConfigurationList = 459582021FF60E630084C4A3 /* Build configuration list for PBXNativeTarget "FBYIDCardRecognition-iOS" */;
			buildPhases = (
				459581D21FF60E630084C4A3 /* Sources */,
				459581D31FF60E630084C4A3 /* Frameworks */,
				459581D41FF60E630084C4A3 /* Resources */,
			);
			buildRules = (
			);
			dependencies = (
			);
			name = "FBYIDCardRecognition-iOS";
			productName = "FBYIDCardRecognition-iOS";
			productReference = 459581D61FF60E630084C4A3 /* FBYIDCardRecognition-iOS.app */;
			productType = "com.apple.product-type.application";
		};
		459581ED1FF60E630084C4A3 /* FBYIDCardRecognition-iOSTests */ = {
			isa = PBXNativeTarget;
			buildConfigurationList = 459582051FF60E630084C4A3 /* Build configuration list for PBXNativeTarget "FBYIDCardRecognition-iOSTests" */;
			buildPhases = (
				459581EA1FF60E630084C4A3 /* Sources */,
				459581EB1FF60E630084C4A3 /* Frameworks */,
				459581EC1FF60E630084C4A3 /* Resources */,
			);
			buildRules = (
			);
			dependencies = (
				459581F01FF60E630084C4A3 /* PBXTargetDependency */,
			);
			name = "FBYIDCardRecognition-iOSTests";
			productName = "FBYIDCardRecognition-iOSTests";
			productReference = 459581EE1FF60E630084C4A3 /* FBYIDCardRecognition-iOSTests.xctest */;
			productType = "com.apple.product-type.bundle.unit-test";
		};
		459581F81FF60E630084C4A3 /* FBYIDCardRecognition-iOSUITests */ = {
			isa = PBXNativeTarget;
			buildConfigurationList = 459582081FF60E630084C4A3 /* Build configuration list for PBXNativeTarget "FBYIDCardRecognition-iOSUITests" */;
			buildPhases = (
				459581F51FF60E630084C4A3 /* Sources */,
				459581F61FF60E630084C4A3 /* Frameworks */,
				459581F71FF60E630084C4A3 /* Resources */,
			);
			buildRules = (
			);
			dependencies = (
				459581FB1FF60E630084C4A3 /* PBXTargetDependency */,
			);
			name = "FBYIDCardRecognition-iOSUITests";
			productName = "FBYIDCardRecognition-iOSUITests";
			productReference = 459581F91FF60E630084C4A3 /* FBYIDCardRecognition-iOSUITests.xctest */;
			productType = "com.apple.product-type.bundle.ui-testing";
		};
/* End PBXNativeTarget section */

/* Begin PBXProject section */
		459581CE1FF60E630084C4A3 /* Project object */ = {
			isa = PBXProject;
			attributes = {
				LastUpgradeCheck = 0910;
				ORGANIZATIONNAME = "FBYIDCardRecognition-iOS";
				TargetAttributes = {
					459581D51FF60E630084C4A3 = {
						CreatedOnToolsVersion = 9.1;
						ProvisioningStyle = Automatic;
					};
					459581ED1FF60E630084C4A3 = {
						CreatedOnToolsVersion = 9.1;
						ProvisioningStyle = Automatic;
						TestTargetID = 459581D51FF60E630084C4A3;
					};
					459581F81FF60E630084C4A3 = {
						CreatedOnToolsVersion = 9.1;
						ProvisioningStyle = Automatic;
						TestTargetID = 459581D51FF60E630084C4A3;
					};
				};
			};
			buildConfigurationList = 459581D11FF60E630084C4A3 /* Build configuration list for PBXProject "FBYIDCardRecognition-iOS" */;
			compatibilityVersion = "Xcode 8.0";
			developmentRegion = en;
			hasScannedForEncodings = 0;
			knownRegions = (
				en,
				Base,
			);
			mainGroup = 459581CD1FF60E630084C4A3;
			productRefGroup = 459581D71FF60E630084C4A3 /* Products */;
			projectDirPath = "";
			projectRoot = "";
			targets = (
				459581D51FF60E630084C4A3 /* FBYIDCardRecognition-iOS */,
				459581ED1FF60E630084C4A3 /* FBYIDCardRecognition-iOSTests */,
				459581F81FF60E630084C4A3 /* FBYIDCardRecognition-iOSUITests */,
			);
		};
/* End PBXProject section */

/* Begin PBXResourcesBuildPhase section */
		459581D41FF60E630084C4A3 /* Resources */ = {
			isa = PBXResourcesBuildPhase;
			buildActionMask = 2147483647;
			files = (
				459582221FF611FD0084C4A3 /* zocr0.lib in Resources */,
				459582341FF628250084C4A3 /* icon.png in Resources */,
				459581E61FF60E630084C4A3 /* LaunchScreen.storyboard in Resources */,
				459581E31FF60E630084C4A3 /* Assets.xcassets in Resources */,
				459581E11FF60E630084C4A3 /* Main.storyboard in Resources */,
			);
			runOnlyForDeploymentPostprocessing = 0;
		};
		459581EC1FF60E630084C4A3 /* Resources */ = {
			isa = PBXResourcesBuildPhase;
			buildActionMask = 2147483647;
			files = (
			);
			runOnlyForDeploymentPostprocessing = 0;
		};
		459581F71FF60E630084C4A3 /* Resources */ = {
			isa = PBXResourcesBuildPhase;
			buildActionMask = 2147483647;
			files = (
			);
			runOnlyForDeploymentPostprocessing = 0;
		};
/* End PBXResourcesBuildPhase section */

/* Begin PBXSourcesBuildPhase section */
		459581D21FF60E630084C4A3 /* Sources */ = {
			isa = PBXSourcesBuildPhase;
			buildActionMask = 2147483647;
			files = (
				459581DE1FF60E630084C4A3 /* ViewController.m in Sources */,
				4582D9091FFF2D4D00B85FC5 /* TIDCardCaptureViewController.m in Sources */,
				459581E91FF60E630084C4A3 /* main.m in Sources */,
				4595821B1FF611E10084C4A3 /* IDInfo.m in Sources */,
				459582151FF6106B0084C4A3 /* IDCardCaptureViewController.m in Sources */,
				4595822F1FF6135D0084C4A3 /* UIAlertController+Extend.m in Sources */,
				459582181FF610F10084C4A3 /* FBYIDCardView.m in Sources */,
				459582261FF612790084C4A3 /* IDCardDetailViewController.m in Sources */,
				459581DB1FF60E630084C4A3 /* AppDelegate.m in Sources */,
				459582291FF612E10084C4A3 /* UIImage+Extend.m in Sources */,
				4595822C1FF612F20084C4A3 /* RectManager.m in Sources */,
			);
			runOnlyForDeploymentPostprocessing = 0;
		};
		459581EA1FF60E630084C4A3 /* Sources */ = {
			isa = PBXSourcesBuildPhase;
			buildActionMask = 2147483647;
			files = (
				459581F31FF60E630084C4A3 /* FBYIDCardRecognition_iOSTests.m in Sources */,
			);
			runOnlyForDeploymentPostprocessing = 0;
		};
		459581F51FF60E630084C4A3 /* Sources */ = {
			isa = PBXSourcesBuildPhase;
			buildActionMask = 2147483647;
			files = (
				459581FE1FF60E630084C4A3 /* FBYIDCardRecognition_iOSUITests.m in Sources */,
			);
			runOnlyForDeploymentPostprocessing = 0;
		};
/* End PBXSourcesBuildPhase section */

/* Begin PBXTargetDependency section */
		459581F01FF60E630084C4A3 /* PBXTargetDependency */ = {
			isa = PBXTargetDependency;
			target = 459581D51FF60E630084C4A3 /* FBYIDCardRecognition-iOS */;
			targetProxy = 459581EF1FF60E630084C4A3 /* PBXContainerItemProxy */;
		};
		459581FB1FF60E630084C4A3 /* PBXTargetDependency */ = {
			isa = PBXTargetDependency;
			target = 459581D51FF60E630084C4A3 /* FBYIDCardRecognition-iOS */;
			targetProxy = 459581FA1FF60E630084C4A3 /* PBXContainerItemProxy */;
		};
/* End PBXTargetDependency section */

/* Begin PBXVariantGroup section */
		459581DF1FF60E630084C4A3 /* Main.storyboard */ = {
			isa = PBXVariantGroup;
			children = (
				459581E01FF60E630084C4A3 /* Base */,
			);
			name = Main.storyboard;
			sourceTree = "<group>";
		};
		459581E41FF60E630084C4A3 /* LaunchScreen.storyboard */ = {
			isa = PBXVariantGroup;
			children = (
				459581E51FF60E630084C4A3 /* Base */,
			);
			name = LaunchScreen.storyboard;
			sourceTree = "<group>";
		};
/* End PBXVariantGroup section */

/* Begin XCBuildConfiguration section */
		459582001FF60E630084C4A3 /* Debug */ = {
			isa = XCBuildConfiguration;
			buildSettings = {
				ALWAYS_SEARCH_USER_PATHS = NO;
				CLANG_ANALYZER_NONNULL = YES;
				CLANG_ANALYZER_NUMBER_OBJECT_CONVERSION = YES_AGGRESSIVE;
				CLANG_CXX_LANGUAGE_STANDARD = "gnu++14";
				CLANG_CXX_LIBRARY = "libc++";
				CLANG_ENABLE_MODULES = YES;
				CLANG_ENABLE_OBJC_ARC = YES;
				CLANG_WARN_BLOCK_CAPTURE_AUTORELEASING = YES;
				CLANG_WARN_BOOL_CONVERSION = YES;
				CLANG_WARN_COMMA = YES;
				CLANG_WARN_CONSTANT_CONVERSION = YES;
				CLANG_WARN_DIRECT_OBJC_ISA_USAGE = YES_ERROR;
				CLANG_WARN_DOCUMENTATION_COMMENTS = YES;
				CLANG_WARN_EMPTY_BODY = YES;
				CLANG_WARN_ENUM_CONVERSION = YES;
				CLANG_WARN_INFINITE_RECURSION = YES;
				CLANG_WARN_INT_CONVERSION = YES;
				CLANG_WARN_NON_LITERAL_NULL_CONVERSION = YES;
				CLANG_WARN_OBJC_LITERAL_CONVERSION = YES;
				CLANG_WARN_OBJC_ROOT_CLASS = YES_ERROR;
				CLANG_WARN_RANGE_LOOP_ANALYSIS = YES;
				CLANG_WARN_STRICT_PROTOTYPES = YES;
				CLANG_WARN_SUSPICIOUS_MOVE = YES;
				CLANG_WARN_UNGUARDED_AVAILABILITY = YES_AGGRESSIVE;
				CLANG_WARN_UNREACHABLE_CODE = YES;
				CLANG_WARN__DUPLICATE_METHOD_MATCH = YES;
				CODE_SIGN_IDENTITY = "iPhone Developer";
				COPY_PHASE_STRIP = NO;
				DEBUG_INFORMATION_FORMAT = dwarf;
				ENABLE_STRICT_OBJC_MSGSEND = YES;
				ENABLE_TESTABILITY = YES;
				GCC_C_LANGUAGE_STANDARD = gnu11;
				GCC_DYNAMIC_NO_PIC = NO;
				GCC_NO_COMMON_BLOCKS = YES;
				GCC_OPTIMIZATION_LEVEL = 0;
				GCC_PREPROCESSOR_DEFINITIONS = (
					"DEBUG=1",
					"$(inherited)",
				);
				GCC_WARN_64_TO_32_BIT_CONVERSION = YES;
				GCC_WARN_ABOUT_RETURN_TYPE = YES_ERROR;
				GCC_WARN_UNDECLARED_SELECTOR = YES;
				GCC_WARN_UNINITIALIZED_AUTOS = YES_AGGRESSIVE;
				GCC_WARN_UNUSED_FUNCTION = YES;
				GCC_WARN_UNUSED_VARIABLE = YES;
				IPHONEOS_DEPLOYMENT_TARGET = 11.1;
				MTL_ENABLE_DEBUG_INFO = YES;
				ONLY_ACTIVE_ARCH = YES;
				SDKROOT = iphoneos;
			};
			name = Debug;
		};
		459582011FF60E630084C4A3 /* Release */ = {
			isa = XCBuildConfiguration;
			buildSettings = {
				ALWAYS_SEARCH_USER_PATHS = NO;
				CLANG_ANALYZER_NONNULL = YES;
				CLANG_ANALYZER_NUMBER_OBJECT_CONVERSION = YES_AGGRESSIVE;
				CLANG_CXX_LANGUAGE_STANDARD = "gnu++14";
				CLANG_CXX_LIBRARY = "libc++";
				CLANG_ENABLE_MODULES = YES;
				CLANG_ENABLE_OBJC_ARC = YES;
				CLANG_WARN_BLOCK_CAPTURE_AUTORELEASING = YES;
				CLANG_WARN_BOOL_CONVERSION = YES;
				CLANG_WARN_COMMA = YES;
				CLANG_WARN_CONSTANT_CONVERSION = YES;
				CLANG_WARN_DIRECT_OBJC_ISA_USAGE = YES_ERROR;
				CLANG_WARN_DOCUMENTATION_COMMENTS = YES;
				CLANG_WARN_EMPTY_BODY = YES;
				CLANG_WARN_ENUM_CONVERSION = YES;
				CLANG_WARN_INFINITE_RECURSION = YES;
				CLANG_WARN_INT_CONVERSION = YES;
				CLANG_WARN_NON_LITERAL_NULL_CONVERSION = YES;
				CLANG_WARN_OBJC_LITERAL_CONVERSION = YES;
				CLANG_WARN_OBJC_ROOT_CLASS = YES_ERROR;
				CLANG_WARN_RANGE_LOOP_ANALYSIS = YES;
				CLANG_WARN_STRICT_PROTOTYPES = YES;
				CLANG_WARN_SUSPICIOUS_MOVE = YES;
				CLANG_WARN_UNGUARDED_AVAILABILITY = YES_AGGRESSIVE;
				CLANG_WARN_UNREACHABLE_CODE = YES;
				CLANG_WARN__DUPLICATE_METHOD_MATCH = YES;
				CODE_SIGN_IDENTITY = "iPhone Developer";
				COPY_PHASE_STRIP = NO;
				DEBUG_INFORMATION_FORMAT = "dwarf-with-dsym";
				ENABLE_NS_ASSERTIONS = NO;
				ENABLE_STRICT_OBJC_MSGSEND = YES;
				GCC_C_LANGUAGE_STANDARD = gnu11;
				GCC_NO_COMMON_BLOCKS = YES;
				GCC_WARN_64_TO_32_BIT_CONVERSION = YES;
				GCC_WARN_ABOUT_RETURN_TYPE = YES_ERROR;
				GCC_WARN_UNDECLARED_SELECTOR = YES;
				GCC_WARN_UNINITIALIZED_AUTOS = YES_AGGRESSIVE;
				GCC_WARN_UNUSED_FUNCTION = YES;
				GCC_WARN_UNUSED_VARIABLE = YES;
				IPHONEOS_DEPLOYMENT_TARGET = 11.1;
				MTL_ENABLE_DEBUG_INFO = NO;
				SDKROOT = iphoneos;
				VALIDATE_PRODUCT = YES;
			};
			name = Release;
		};
		459582031FF60E630084C4A3 /* Debug */ = {
			isa = XCBuildConfiguration;
			buildSettings = {
				ASSETCATALOG_COMPILER_APPICON_NAME = AppIcon;
				CODE_SIGN_STYLE = Automatic;
				DEVELOPMENT_TEAM = 8ZQEMVF63J;
				ENABLE_BITCODE = NO;
				INFOPLIST_FILE = "FBYIDCardRecognition-iOS/Info.plist";
				IPHONEOS_DEPLOYMENT_TARGET = 10.0;
				LD_RUNPATH_SEARCH_PATHS = "$(inherited) @executable_path/Frameworks";
				LIBRARY_SEARCH_PATHS = (
					"$(inherited)",
					"$(PROJECT_DIR)/FBYIDCardRecognition-iOS/libexidcard",
				);
				PRODUCT_BUNDLE_IDENTIFIER = "com.FBYIDCardRecognition-iOS.a.FBYIDCardRecognition-iOS";
				PRODUCT_NAME = "$(TARGET_NAME)";
				TARGETED_DEVICE_FAMILY = "1,2";
			};
			name = Debug;
		};
		459582041FF60E630084C4A3 /* Release */ = {
			isa = XCBuildConfiguration;
			buildSettings = {
				ASSETCATALOG_COMPILER_APPICON_NAME = AppIcon;
				CODE_SIGN_STYLE = Automatic;
				DEVELOPMENT_TEAM = 8ZQEMVF63J;
				ENABLE_BITCODE = NO;
				INFOPLIST_FILE = "FBYIDCardRecognition-iOS/Info.plist";
				IPHONEOS_DEPLOYMENT_TARGET = 10.0;
				LD_RUNPATH_SEARCH_PATHS = "$(inherited) @executable_path/Frameworks";
				LIBRARY_SEARCH_PATHS = (
					"$(inherited)",
					"$(PROJECT_DIR)/FBYIDCardRecognition-iOS/libexidcard",
				);
				PRODUCT_BUNDLE_IDENTIFIER = "com.FBYIDCardRecognition-iOS.a.FBYIDCardRecognition-iOS";
				PRODUCT_NAME = "$(TARGET_NAME)";
				TARGETED_DEVICE_FAMILY = "1,2";
			};
			name = Release;
		};
		459582061FF60E630084C4A3 /* Debug */ = {
			isa = XCBuildConfiguration;
			buildSettings = {
				BUNDLE_LOADER = "$(TEST_HOST)";
				CODE_SIGN_STYLE = Automatic;
				DEVELOPMENT_TEAM = 8ZQEMVF63J;
				INFOPLIST_FILE = "FBYIDCardRecognition-iOSTests/Info.plist";
				LD_RUNPATH_SEARCH_PATHS = "$(inherited) @executable_path/Frameworks @loader_path/Frameworks";
				PRODUCT_BUNDLE_IDENTIFIER = "com.FBYIDCardRecognition-iOS.a.FBYIDCardRecognition-iOSTests";
				PRODUCT_NAME = "$(TARGET_NAME)";
				TARGETED_DEVICE_FAMILY = "1,2";
				TEST_HOST = "$(BUILT_PRODUCTS_DIR)/FBYIDCardRecognition-iOS.app/FBYIDCardRecognition-iOS";
			};
			name = Debug;
		};
		459582071FF60E630084C4A3 /* Release */ = {
			isa = XCBuildConfiguration;
			buildSettings = {
				BUNDLE_LOADER = "$(TEST_HOST)";
				CODE_SIGN_STYLE = Automatic;
				DEVELOPMENT_TEAM = 8ZQEMVF63J;
				INFOPLIST_FILE = "FBYIDCardRecognition-iOSTests/Info.plist";
				LD_RUNPATH_SEARCH_PATHS = "$(inherited) @executable_path/Frameworks @loader_path/Frameworks";
				PRODUCT_BUNDLE_IDENTIFIER = "com.FBYIDCardRecognition-iOS.a.FBYIDCardRecognition-iOSTests";
				PRODUCT_NAME = "$(TARGET_NAME)";
				TARGETED_DEVICE_FAMILY = "1,2";
				TEST_HOST = "$(BUILT_PRODUCTS_DIR)/FBYIDCardRecognition-iOS.app/FBYIDCardRecognition-iOS";
			};
			name = Release;
		};
		459582091FF60E630084C4A3 /* Debug */ = {
			isa = XCBuildConfiguration;
			buildSettings = {
				CODE_SIGN_STYLE = Automatic;
				DEVELOPMENT_TEAM = 8ZQEMVF63J;
				INFOPLIST_FILE = "FBYIDCardRecognition-iOSUITests/Info.plist";
				LD_RUNPATH_SEARCH_PATHS = "$(inherited) @executable_path/Frameworks @loader_path/Frameworks";
				PRODUCT_BUNDLE_IDENTIFIER = "com.FBYIDCardRecognition-iOS.a.FBYIDCardRecognition-iOSUITests";
				PRODUCT_NAME = "$(TARGET_NAME)";
				TARGETED_DEVICE_FAMILY = "1,2";
				TEST_TARGET_NAME = "FBYIDCardRecognition-iOS";
			};
			name = Debug;
		};
		4595820A1FF60E630084C4A3 /* Release */ = {
			isa = XCBuildConfiguration;
			buildSettings = {
				CODE_SIGN_STYLE = Automatic;
				DEVELOPMENT_TEAM = 8ZQEMVF63J;
				INFOPLIST_FILE = "FBYIDCardRecognition-iOSUITests/Info.plist";
				LD_RUNPATH_SEARCH_PATHS = "$(inherited) @executable_path/Frameworks @loader_path/Frameworks";
				PRODUCT_BUNDLE_IDENTIFIER = "com.FBYIDCardRecognition-iOS.a.FBYIDCardRecognition-iOSUITests";
				PRODUCT_NAME = "$(TARGET_NAME)";
				TARGETED_DEVICE_FAMILY = "1,2";
				TEST_TARGET_NAME = "FBYIDCardRecognition-iOS";
			};
			name = Release;
		};
/* End XCBuildConfiguration section */

/* Begin XCConfigurationList section */
		459581D11FF60E630084C4A3 /* Build configuration list for PBXProject "FBYIDCardRecognition-iOS" */ = {
			isa = XCConfigurationList;
			buildConfigurations = (
				459582001FF60E630084C4A3 /* Debug */,
				459582011FF60E630084C4A3 /* Release */,
			);
			defaultConfigurationIsVisible = 0;
			defaultConfigurationName = Release;
		};
		459582021FF60E630084C4A3 /* Build configuration list for PBXNativeTarget "FBYIDCardRecognition-iOS" */ = {
			isa = XCConfigurationList;
			buildConfigurations = (
				459582031FF60E630084C4A3 /* Debug */,
				459582041FF60E630084C4A3 /* Release */,
			);
			defaultConfigurationIsVisible = 0;
			defaultConfigurationName = Release;
		};
		459582051FF60E630084C4A3 /* Build configuration list for PBXNativeTarget "FBYIDCardRecognition-iOSTests" */ = {
			isa = XCConfigurationList;
			buildConfigurations = (
				459582061FF60E630084C4A3 /* Debug */,
				459582071FF60E630084C4A3 /* Release */,
			);
			defaultConfigurationIsVisible = 0;
			defaultConfigurationName = Release;
		};
		459582081FF60E630084C4A3 /* Build configuration list for PBXNativeTarget "FBYIDCardRecognition-iOSUITests" */ = {
			isa = XCConfigurationList;
			buildConfigurations = (
				459582091FF60E630084C4A3 /* Debug */,
				4595820A1FF60E630084C4A3 /* Release */,
			);
			defaultConfigurationIsVisible = 0;
			defaultConfigurationName = Release;
		};
/* End XCConfigurationList section */
	};
	rootObject = 459581CE1FF60E630084C4A3 /* Project object */;
}
